
Microsoft Visual Studio Solution File, Format Version 12.00
# Visual Studio Version 17
VisualStudioVersion = 17.8.34511.84
MinimumVisualStudioVersion = 10.0.40219.1
Project("{FAE04EC0-301F-11D3-BF4B-00C04F79EFBC}") = "Apito", "Apito\Apito.csproj", "{637D85BC-78D5-4BDF-A2B4-9A3B3E7A470E}"
EndProject
Global
	GlobalSection(SolutionConfigurationPlatforms) = preSolution
		Debug|Any CPU = Debug|Any CPU
		Release|Any CPU = Release|Any CPU
	EndGlobalSection
	GlobalSection(ProjectConfigurationPlatforms) = postSolution
		{637D85BC-78D5-4BDF-A2B4-9A3B3E7A470E}.Debug|Any CPU.ActiveCfg = Debug|Any CPU
		{637D85BC-78D5-4BDF-A2B4-9A3B3E7A470E}.Debug|Any CPU.Build.0 = Debug|Any CPU
		{637D85BC-78D5-4BDF-A2B4-9A3B3E7A470E}.Release|Any CPU.ActiveCfg = Release|Any CPU
		{637D85BC-78D5-4BDF-A2B4-9A3B3E7A470E}.Release|Any CPU.Build.0 = Release|Any CPU
	EndGlobalSection
	GlobalSection(SolutionProperties) = preSolution
		HideSolutionNode = FALSE
	EndGlobalSection
	GlobalSection(ExtensibilityGlobals) = postSolution
		SolutionGuid = {8C5A9ABD-B60E-44D5-B612-62ACDB42E77E}
	EndGlobalSection
EndGlobal
